
Microsoft Visual Studio Solution File, Format Version 12.00
# Visual Studio Version 16
VisualStudioVersion = 16.0.30611.23
MinimumVisualStudioVersion = 10.0.40219.1
Project("{2150E333-8FDC-42A3-9474-1A3956D46DE8}") = "API", "API", "{E871ACC0-7102-48D6-BE5E-290142065022}"
EndProject
Project("{2150E333-8FDC-42A3-9474-1A3956D46DE8}") = "01-Domain", "01-Domain", "{6FA6F384-5857-4DBB-A47C-715A3FFA64F6}"
EndProject
Project("{2150E333-8FDC-42A3-9474-1A3956D46DE8}") = "02-Service Interfaces", "02-Service Interfaces", "{659F98C8-0431-4FEF-B748-FC24D530E2AF}"
EndProject
Project("{2150E333-8FDC-42A3-9474-1A3956D46DE8}") = "03-Services", "03-Services", "{14F4042F-1ED4-4E08-8F83-BF20A116213E}"
EndProject
Project("{2150E333-8FDC-42A3-9474-1A3956D46DE8}") = "04-Infrastructure", "04-Infrastructure", "{0804E62D-41A4-4F4D-B2A1-7D964D20831B}"
EndProject
Project("{2150E333-8FDC-42A3-9474-1A3956D46DE8}") = "05-User Interface", "05-User Interface", "{01D45537-CD50-4DD5-A92D-1D843D91D450}"
EndProject
Project("{2150E333-8FDC-42A3-9474-1A3956D46DE8}") = "Application", "Application", "{AE3034BF-C238-4C65-9397-1BF0B703DECD}"
EndProject
Project("{2150E333-8FDC-42A3-9474-1A3956D46DE8}") = "Models", "Models", "{30EA2807-0E9D-4DAA-9650-3B4C7BCC6C6F}"
EndProject
Project("{2150E333-8FDC-42A3-9474-1A3956D46DE8}") = "Services", "Services", "{DB19D905-BA9F-4FC1-9C1B-A82F8F420C32}"
EndProject
Project("{2150E333-8FDC-42A3-9474-1A3956D46DE8}") = "ViewModels", "ViewModels", "{9C1ED5E7-4D2B-486D-8C40-A01724E50810}"
EndProject
Project("{2150E333-8FDC-42A3-9474-1A3956D46DE8}") = "Views", "Views", "{8A313E35-790A-4081-8582-C951261DF26C}"
EndProject
Project("{FAE04EC0-301F-11D3-BF4B-00C04F79EFBC}") = "MiNegocio.Desktop", "MiNegocio.Desktop\MiNegocio.Desktop.csproj", "{39CA74BB-85AD-4F45-AFD9-55DC2852717F}"
EndProject
Project("{FAE04EC0-301F-11D3-BF4B-00C04F79EFBC}") = "MiNegocio.ViewModels", "MiNegocio.ViewModels\MiNegocio.ViewModels.csproj", "{41055CDF-4957-41AF-B97F-4A77445AFBCB}"
EndProject
Project("{FAE04EC0-301F-11D3-BF4B-00C04F79EFBC}") = "MiNegocio.Services", "MiNegocio.Services\MiNegocio.Services.csproj", "{9E5E8E62-8CEF-4BE7-82AE-ED07577D20F3}"
EndProject
Project("{FAE04EC0-301F-11D3-BF4B-00C04F79EFBC}") = "MiNegocio.Models", "MiNegocio.Models\MiNegocio.Models.csproj", "{DA02B3D0-B0C4-4500-B870-6F3575A82426}"
EndProject
Project("{FAE04EC0-301F-11D3-BF4B-00C04F79EFBC}") = "MiNegocio.API", "MiNegocio.API\MiNegocio.API.csproj", "{6E51658F-04BE-47E5-87B6-5BFB0D2EED6E}"
EndProject
Project("{FAE04EC0-301F-11D3-BF4B-00C04F79EFBC}") = "API.Domain.Entities", "API.Domain.Entities\API.Domain.Entities.csproj", "{B168811C-8CD1-4B5E-B784-38CDF4E8506A}"
EndProject
Project("{FAE04EC0-301F-11D3-BF4B-00C04F79EFBC}") = "API.Domain.Interfaces", "API.Domain.Interfaces\API.Domain.Interfaces.csproj", "{5CE1D1B7-FE65-4EF0-B4C0-EEEC51340A53}"
EndProject
Project("{FAE04EC0-301F-11D3-BF4B-00C04F79EFBC}") = "API.Services.Interfaces", "API.Services.Interfaces\API.Services.Interfaces.csproj", "{DD53A20B-F41D-4D58-9A4F-37D52759CAD3}"
EndProject
Project("{FAE04EC0-301F-11D3-BF4B-00C04F79EFBC}") = "API.Services", "API.Services\API.Services.csproj", "{3ACF8779-FF8E-4D18-85AB-0DC22990F410}"
EndProject
Project("{FAE04EC0-301F-11D3-BF4B-00C04F79EFBC}") = "API.Infrastructure.Data", "API.Infrastructure.Data\API.Infrastructure.Data.csproj", "{F9379B9A-737F-47C5-8558-ED75CD6FCC7E}"
EndProject
Global
	GlobalSection(SolutionConfigurationPlatforms) = preSolution
		Debug|Any CPU = Debug|Any CPU
		Release|Any CPU = Release|Any CPU
	EndGlobalSection
	GlobalSection(ProjectConfigurationPlatforms) = postSolution
		{39CA74BB-85AD-4F45-AFD9-55DC2852717F}.Debug|Any CPU.ActiveCfg = Debug|Any CPU
		{39CA74BB-85AD-4F45-AFD9-55DC2852717F}.Debug|Any CPU.Build.0 = Debug|Any CPU
		{39CA74BB-85AD-4F45-AFD9-55DC2852717F}.Release|Any CPU.ActiveCfg = Release|Any CPU
		{39CA74BB-85AD-4F45-AFD9-55DC2852717F}.Release|Any CPU.Build.0 = Release|Any CPU
		{41055CDF-4957-41AF-B97F-4A77445AFBCB}.Debug|Any CPU.ActiveCfg = Debug|Any CPU
		{41055CDF-4957-41AF-B97F-4A77445AFBCB}.Debug|Any CPU.Build.0 = Debug|Any CPU
		{41055CDF-4957-41AF-B97F-4A77445AFBCB}.Release|Any CPU.ActiveCfg = Release|Any CPU
		{41055CDF-4957-41AF-B97F-4A77445AFBCB}.Release|Any CPU.Build.0 = Release|Any CPU
		{9E5E8E62-8CEF-4BE7-82AE-ED07577D20F3}.Debug|Any CPU.ActiveCfg = Debug|Any CPU
		{9E5E8E62-8CEF-4BE7-82AE-ED07577D20F3}.Debug|Any CPU.Build.0 = Debug|Any CPU
		{9E5E8E62-8CEF-4BE7-82AE-ED07577D20F3}.Release|Any CPU.ActiveCfg = Release|Any CPU
		{9E5E8E62-8CEF-4BE7-82AE-ED07577D20F3}.Release|Any CPU.Build.0 = Release|Any CPU
		{DA02B3D0-B0C4-4500-B870-6F3575A82426}.Debug|Any CPU.ActiveCfg = Debug|Any CPU
		{DA02B3D0-B0C4-4500-B870-6F3575A82426}.Debug|Any CPU.Build.0 = Debug|Any CPU
		{DA02B3D0-B0C4-4500-B870-6F3575A82426}.Release|Any CPU.ActiveCfg = Release|Any CPU
		{DA02B3D0-B0C4-4500-B870-6F3575A82426}.Release|Any CPU.Build.0 = Release|Any CPU
		{6E51658F-04BE-47E5-87B6-5BFB0D2EED6E}.Debug|Any CPU.ActiveCfg = Debug|Any CPU
		{6E51658F-04BE-47E5-87B6-5BFB0D2EED6E}.Debug|Any CPU.Build.0 = Debug|Any CPU
		{6E51658F-04BE-47E5-87B6-5BFB0D2EED6E}.Release|Any CPU.ActiveCfg = Release|Any CPU
		{6E51658F-04BE-47E5-87B6-5BFB0D2EED6E}.Release|Any CPU.Build.0 = Release|Any CPU
		{B168811C-8CD1-4B5E-B784-38CDF4E8506A}.Debug|Any CPU.ActiveCfg = Debug|Any CPU
		{B168811C-8CD1-4B5E-B784-38CDF4E8506A}.Debug|Any CPU.Build.0 = Debug|Any CPU
		{B168811C-8CD1-4B5E-B784-38CDF4E8506A}.Release|Any CPU.ActiveCfg = Release|Any CPU
		{B168811C-8CD1-4B5E-B784-38CDF4E8506A}.Release|Any CPU.Build.0 = Release|Any CPU
		{5CE1D1B7-FE65-4EF0-B4C0-EEEC51340A53}.Debug|Any CPU.ActiveCfg = Debug|Any CPU
		{5CE1D1B7-FE65-4EF0-B4C0-EEEC51340A53}.Debug|Any CPU.Build.0 = Debug|Any CPU
		{5CE1D1B7-FE65-4EF0-B4C0-EEEC51340A53}.Release|Any CPU.ActiveCfg = Release|Any CPU
		{5CE1D1B7-FE65-4EF0-B4C0-EEEC51340A53}.Release|Any CPU.Build.0 = Release|Any CPU
		{DD53A20B-F41D-4D58-9A4F-37D52759CAD3}.Debug|Any CPU.ActiveCfg = Debug|Any CPU
		{DD53A20B-F41D-4D58-9A4F-37D52759CAD3}.Debug|Any CPU.Build.0 = Debug|Any CPU
		{DD53A20B-F41D-4D58-9A4F-37D52759CAD3}.Release|Any CPU.ActiveCfg = Release|Any CPU
		{DD53A20B-F41D-4D58-9A4F-37D52759CAD3}.Release|Any CPU.Build.0 = Release|Any CPU
		{3ACF8779-FF8E-4D18-85AB-0DC22990F410}.Debug|Any CPU.ActiveCfg = Debug|Any CPU
		{3ACF8779-FF8E-4D18-85AB-0DC22990F410}.Debug|Any CPU.Build.0 = Debug|Any CPU
		{3ACF8779-FF8E-4D18-85AB-0DC22990F410}.Release|Any CPU.ActiveCfg = Release|Any CPU
		{3ACF8779-FF8E-4D18-85AB-0DC22990F410}.Release|Any CPU.Build.0 = Release|Any CPU
		{F9379B9A-737F-47C5-8558-ED75CD6FCC7E}.Debug|Any CPU.ActiveCfg = Debug|Any CPU
		{F9379B9A-737F-47C5-8558-ED75CD6FCC7E}.Debug|Any CPU.Build.0 = Debug|Any CPU
		{F9379B9A-737F-47C5-8558-ED75CD6FCC7E}.Release|Any CPU.ActiveCfg = Release|Any CPU
		{F9379B9A-737F-47C5-8558-ED75CD6FCC7E}.Release|Any CPU.Build.0 = Release|Any CPU
	EndGlobalSection
	GlobalSection(SolutionProperties) = preSolution
		HideSolutionNode = FALSE
	EndGlobalSection
	GlobalSection(NestedProjects) = preSolution
		{6FA6F384-5857-4DBB-A47C-715A3FFA64F6} = {E871ACC0-7102-48D6-BE5E-290142065022}
		{659F98C8-0431-4FEF-B748-FC24D530E2AF} = {E871ACC0-7102-48D6-BE5E-290142065022}
		{14F4042F-1ED4-4E08-8F83-BF20A116213E} = {E871ACC0-7102-48D6-BE5E-290142065022}
		{0804E62D-41A4-4F4D-B2A1-7D964D20831B} = {E871ACC0-7102-48D6-BE5E-290142065022}
		{01D45537-CD50-4DD5-A92D-1D843D91D450} = {E871ACC0-7102-48D6-BE5E-290142065022}
		{30EA2807-0E9D-4DAA-9650-3B4C7BCC6C6F} = {AE3034BF-C238-4C65-9397-1BF0B703DECD}
		{DB19D905-BA9F-4FC1-9C1B-A82F8F420C32} = {AE3034BF-C238-4C65-9397-1BF0B703DECD}
		{9C1ED5E7-4D2B-486D-8C40-A01724E50810} = {AE3034BF-C238-4C65-9397-1BF0B703DECD}
		{8A313E35-790A-4081-8582-C951261DF26C} = {AE3034BF-C238-4C65-9397-1BF0B703DECD}
		{39CA74BB-85AD-4F45-AFD9-55DC2852717F} = {8A313E35-790A-4081-8582-C951261DF26C}
		{41055CDF-4957-41AF-B97F-4A77445AFBCB} = {9C1ED5E7-4D2B-486D-8C40-A01724E50810}
		{9E5E8E62-8CEF-4BE7-82AE-ED07577D20F3} = {DB19D905-BA9F-4FC1-9C1B-A82F8F420C32}
		{DA02B3D0-B0C4-4500-B870-6F3575A82426} = {30EA2807-0E9D-4DAA-9650-3B4C7BCC6C6F}
		{6E51658F-04BE-47E5-87B6-5BFB0D2EED6E} = {01D45537-CD50-4DD5-A92D-1D843D91D450}
		{B168811C-8CD1-4B5E-B784-38CDF4E8506A} = {6FA6F384-5857-4DBB-A47C-715A3FFA64F6}
		{5CE1D1B7-FE65-4EF0-B4C0-EEEC51340A53} = {6FA6F384-5857-4DBB-A47C-715A3FFA64F6}
		{DD53A20B-F41D-4D58-9A4F-37D52759CAD3} = {659F98C8-0431-4FEF-B748-FC24D530E2AF}
		{3ACF8779-FF8E-4D18-85AB-0DC22990F410} = {14F4042F-1ED4-4E08-8F83-BF20A116213E}
		{F9379B9A-737F-47C5-8558-ED75CD6FCC7E} = {0804E62D-41A4-4F4D-B2A1-7D964D20831B}
	EndGlobalSection
	GlobalSection(ExtensibilityGlobals) = postSolution
		SolutionGuid = {A114396F-91FA-457F-A017-7986E43441B8}
	EndGlobalSection
EndGlobal
